// !$*UTF8*$!
{
	archiveVersion = 1;
	classes = {
	};
	objectVersion = 50;
	objects = {

/* Begin PBXBuildFile section */
		844F4D0619C915E433310700 /* Pods_minTimeTable.framework in Frameworks */ = {isa = PBXBuildFile; fileRef = 3AE807CF8F29A046B1548620 /* Pods_minTimeTable.framework */; };
		879F67792369927C00CCDBD6 /* AppDelegate.swift in Sources */ = {isa = PBXBuildFile; fileRef = 879F67782369927C00CCDBD6 /* AppDelegate.swift */; };
		879F677B2369927C00CCDBD6 /* ViewController.swift in Sources */ = {isa = PBXBuildFile; fileRef = 879F677A2369927C00CCDBD6 /* ViewController.swift */; };
		879F677E2369927C00CCDBD6 /* Main.storyboard in Resources */ = {isa = PBXBuildFile; fileRef = 879F677C2369927C00CCDBD6 /* Main.storyboard */; };
		879F67802369927F00CCDBD6 /* Assets.xcassets in Resources */ = {isa = PBXBuildFile; fileRef = 879F677F2369927F00CCDBD6 /* Assets.xcassets */; };
		879F67832369927F00CCDBD6 /* LaunchScreen.storyboard in Resources */ = {isa = PBXBuildFile; fileRef = 879F67812369927F00CCDBD6 /* LaunchScreen.storyboard */; };
		879F678B236AE36800CCDBD6 /* ViewModel.swift in Sources */ = {isa = PBXBuildFile; fileRef = 879F678A236AE36800CCDBD6 /* ViewModel.swift */; };
		879F678E236AE5CE00CCDBD6 /* LecturesViewController.swift in Sources */ = {isa = PBXBuildFile; fileRef = 879F678D236AE5CE00CCDBD6 /* LecturesViewController.swift */; };
		879F6790236AF80300CCDBD6 /* LecturesViewCell.swift in Sources */ = {isa = PBXBuildFile; fileRef = 879F678F236AF80300CCDBD6 /* LecturesViewCell.swift */; };
/* End PBXBuildFile section */

/* Begin PBXFileReference section */
		18B42DD4F2C90DBF3A71CF89 /* Pods-minTimeTable.debug.xcconfig */ = {isa = PBXFileReference; includeInIndex = 1; lastKnownFileType = text.xcconfig; name = "Pods-minTimeTable.debug.xcconfig"; path = "Pods/Target Support Files/Pods-minTimeTable/Pods-minTimeTable.debug.xcconfig"; sourceTree = "<group>"; };
		3AE807CF8F29A046B1548620 /* Pods_minTimeTable.framework */ = {isa = PBXFileReference; explicitFileType = wrapper.framework; includeInIndex = 0; path = Pods_minTimeTable.framework; sourceTree = BUILT_PRODUCTS_DIR; };
		5C5B723EFB36027DBFDDD842 /* Pods-minTimeTable.release.xcconfig */ = {isa = PBXFileReference; includeInIndex = 1; lastKnownFileType = text.xcconfig; name = "Pods-minTimeTable.release.xcconfig"; path = "Pods/Target Support Files/Pods-minTimeTable/Pods-minTimeTable.release.xcconfig"; sourceTree = "<group>"; };
		879F67752369927C00CCDBD6 /* minTimeTable.app */ = {isa = PBXFileReference; explicitFileType = wrapper.application; includeInIndex = 0; path = minTimeTable.app; sourceTree = BUILT_PRODUCTS_DIR; };
		879F67782369927C00CCDBD6 /* AppDelegate.swift */ = {isa = PBXFileReference; lastKnownFileType = sourcecode.swift; path = AppDelegate.swift; sourceTree = "<group>"; };
		879F677A2369927C00CCDBD6 /* ViewController.swift */ = {isa = PBXFileReference; lastKnownFileType = sourcecode.swift; path = ViewController.swift; sourceTree = "<group>"; };
		879F677D2369927C00CCDBD6 /* Base */ = {isa = PBXFileReference; lastKnownFileType = file.storyboard; name = Base; path = Base.lproj/Main.storyboard; sourceTree = "<group>"; };
		879F677F2369927F00CCDBD6 /* Assets.xcassets */ = {isa = PBXFileReference; lastKnownFileType = folder.assetcatalog; path = Assets.xcassets; sourceTree = "<group>"; };
		879F67822369927F00CCDBD6 /* Base */ = {isa = PBXFileReference; lastKnownFileType = file.storyboard; name = Base; path = Base.lproj/LaunchScreen.storyboard; sourceTree = "<group>"; };
		879F67842369927F00CCDBD6 /* Info.plist */ = {isa = PBXFileReference; lastKnownFileType = text.plist.xml; path = Info.plist; sourceTree = "<group>"; };
		879F678A236AE36800CCDBD6 /* ViewModel.swift */ = {isa = PBXFileReference; lastKnownFileType = sourcecode.swift; path = ViewModel.swift; sourceTree = "<group>"; };
		879F678D236AE5CE00CCDBD6 /* LecturesViewController.swift */ = {isa = PBXFileReference; lastKnownFileType = sourcecode.swift; path = LecturesViewController.swift; sourceTree = "<group>"; };
		879F678F236AF80300CCDBD6 /* LecturesViewCell.swift */ = {isa = PBXFileReference; lastKnownFileType = sourcecode.swift; path = LecturesViewCell.swift; sourceTree = "<group>"; };
/* End PBXFileReference section */

/* Begin PBXFrameworksBuildPhase section */
		879F67722369927C00CCDBD6 /* Frameworks */ = {
			isa = PBXFrameworksBuildPhase;
			buildActionMask = 2147483647;
			files = (
				844F4D0619C915E433310700 /* Pods_minTimeTable.framework in Frameworks */,
			);
			runOnlyForDeploymentPostprocessing = 0;
		};
/* End PBXFrameworksBuildPhase section */

/* Begin PBXGroup section */
		0567C68FC4E05E58FE7DCD0C /* Frameworks */ = {
			isa = PBXGroup;
			children = (
				3AE807CF8F29A046B1548620 /* Pods_minTimeTable.framework */,
			);
			name = Frameworks;
			sourceTree = "<group>";
		};
		879F676C2369927C00CCDBD6 = {
			isa = PBXGroup;
			children = (
				879F67772369927C00CCDBD6 /* minTimeTable */,
				879F67762369927C00CCDBD6 /* Products */,
				CEB3F081D978B5C5F40D417C /* Pods */,
				0567C68FC4E05E58FE7DCD0C /* Frameworks */,
			);
			sourceTree = "<group>";
		};
		879F67762369927C00CCDBD6 /* Products */ = {
			isa = PBXGroup;
			children = (
				879F67752369927C00CCDBD6 /* minTimeTable.app */,
			);
			name = Products;
			sourceTree = "<group>";
		};
		879F67772369927C00CCDBD6 /* minTimeTable */ = {
			isa = PBXGroup;
			children = (
				879F677A2369927C00CCDBD6 /* ViewController.swift */,
				879F678A236AE36800CCDBD6 /* ViewModel.swift */,
				879F677C2369927C00CCDBD6 /* Main.storyboard */,
				879F678D236AE5CE00CCDBD6 /* LecturesViewController.swift */,
				879F678F236AF80300CCDBD6 /* LecturesViewCell.swift */,
				879F677F2369927F00CCDBD6 /* Assets.xcassets */,
				879F67812369927F00CCDBD6 /* LaunchScreen.storyboard */,
				879F67782369927C00CCDBD6 /* AppDelegate.swift */,
				879F67842369927F00CCDBD6 /* Info.plist */,
				879F678C236AE57F00CCDBD6 /* Supporting Files */,
			);
			path = minTimeTable;
			sourceTree = "<group>";
		};
		879F678C236AE57F00CCDBD6 /* Supporting Files */ = {
			isa = PBXGroup;
			children = (
			);
			path = "Supporting Files";
			sourceTree = "<group>";
		};
		CEB3F081D978B5C5F40D417C /* Pods */ = {
			isa = PBXGroup;
			children = (
				18B42DD4F2C90DBF3A71CF89 /* Pods-minTimeTable.debug.xcconfig */,
				5C5B723EFB36027DBFDDD842 /* Pods-minTimeTable.release.xcconfig */,
			);
			name = Pods;
			sourceTree = "<group>";
		};
/* End PBXGroup section */

/* Begin PBXNativeTarget section */
		879F67742369927C00CCDBD6 /* minTimeTable */ = {
			isa = PBXNativeTarget;
			buildConfigurationList = 879F67872369927F00CCDBD6 /* Build configuration list for PBXNativeTarget "minTimeTable" */;
			buildPhases = (
				AED160ADB5685111CDB3A5C1 /* [CP] Check Pods Manifest.lock */,
				879F67712369927C00CCDBD6 /* Sources */,
				879F67722369927C00CCDBD6 /* Frameworks */,
				879F67732369927C00CCDBD6 /* Resources */,
				7DA386322A57BF7B91F22FA1 /* [CP] Embed Pods Frameworks */,
			);
			buildRules = (
			);
			dependencies = (
			);
			name = minTimeTable;
			productName = minTimeTable;
			productReference = 879F67752369927C00CCDBD6 /* minTimeTable.app */;
			productType = "com.apple.product-type.application";
		};
/* End PBXNativeTarget section */

/* Begin PBXProject section */
		879F676D2369927C00CCDBD6 /* Project object */ = {
			isa = PBXProject;
			attributes = {
				LastSwiftUpdateCheck = 1030;
				LastUpgradeCheck = 1030;
				ORGANIZATIONNAME = "민경준";
				TargetAttributes = {
					879F67742369927C00CCDBD6 = {
						CreatedOnToolsVersion = 10.3;
					};
				};
			};
			buildConfigurationList = 879F67702369927C00CCDBD6 /* Build configuration list for PBXProject "minTimeTable" */;
			compatibilityVersion = "Xcode 9.3";
			developmentRegion = en;
			hasScannedForEncodings = 0;
			knownRegions = (
				en,
				Base,
			);
			mainGroup = 879F676C2369927C00CCDBD6;
			productRefGroup = 879F67762369927C00CCDBD6 /* Products */;
			projectDirPath = "";
			projectRoot = "";
			targets = (
				879F67742369927C00CCDBD6 /* minTimeTable */,
			);
		};
/* End PBXProject section */

/* Begin PBXResourcesBuildPhase section */
		879F67732369927C00CCDBD6 /* Resources */ = {
			isa = PBXResourcesBuildPhase;
			buildActionMask = 2147483647;
			files = (
				879F67832369927F00CCDBD6 /* LaunchScreen.storyboard in Resources */,
				879F67802369927F00CCDBD6 /* Assets.xcassets in Resources */,
				879F677E2369927C00CCDBD6 /* Main.storyboard in Resources */,
			);
			runOnlyForDeploymentPostprocessing = 0;
		};
/* End PBXResourcesBuildPhase section */

/* Begin PBXShellScriptBuildPhase section */
		7DA386322A57BF7B91F22FA1 /* [CP] Embed Pods Frameworks */ = {
			isa = PBXShellScriptBuildPhase;
			buildActionMask = 2147483647;
			files = (
			);
			inputFileListPaths = (
			);
			inputPaths = (
				"${SRCROOT}/Pods/Target Support Files/Pods-minTimeTable/Pods-minTimeTable-frameworks.sh",
				"${BUILT_PRODUCTS_DIR}/Alamofire/Alamofire.framework",
				"${BUILT_PRODUCTS_DIR}/RxCocoa/RxCocoa.framework",
				"${BUILT_PRODUCTS_DIR}/RxRelay/RxRelay.framework",
				"${BUILT_PRODUCTS_DIR}/RxSwift/RxSwift.framework",
			);
			name = "[CP] Embed Pods Frameworks";
			outputFileListPaths = (
			);
			outputPaths = (
				"${TARGET_BUILD_DIR}/${FRAMEWORKS_FOLDER_PATH}/Alamofire.framework",
				"${TARGET_BUILD_DIR}/${FRAMEWORKS_FOLDER_PATH}/RxCocoa.framework",
				"${TARGET_BUILD_DIR}/${FRAMEWORKS_FOLDER_PATH}/RxRelay.framework",
				"${TARGET_BUILD_DIR}/${FRAMEWORKS_FOLDER_PATH}/RxSwift.framework",
			);
			runOnlyForDeploymentPostprocessing = 0;
			shellPath = /bin/sh;
			shellScript = "\"${SRCROOT}/Pods/Target Support Files/Pods-minTimeTable/Pods-minTimeTable-frameworks.sh\"\n";
			showEnvVarsInLog = 0;
		};
		AED160ADB5685111CDB3A5C1 /* [CP] Check Pods Manifest.lock */ = {
			isa = PBXShellScriptBuildPhase;
			buildActionMask = 2147483647;
			files = (
			);
			inputFileListPaths = (
			);
			inputPaths = (
				"${PODS_PODFILE_DIR_PATH}/Podfile.lock",
				"${PODS_ROOT}/Manifest.lock",
			);
			name = "[CP] Check Pods Manifest.lock";
			outputFileListPaths = (
			);
			outputPaths = (
				"$(DERIVED_FILE_DIR)/Pods-minTimeTable-checkManifestLockResult.txt",
			);
			runOnlyForDeploymentPostprocessing = 0;
			shellPath = /bin/sh;
			shellScript = "diff \"${PODS_PODFILE_DIR_PATH}/Podfile.lock\" \"${PODS_ROOT}/Manifest.lock\" > /dev/null\nif [ $? != 0 ] ; then\n    # print error to STDERR\n    echo \"error: The sandbox is not in sync with the Podfile.lock. Run 'pod install' or update your CocoaPods installation.\" >&2\n    exit 1\nfi\n# This output is used by Xcode 'outputs' to avoid re-running this script phase.\necho \"SUCCESS\" > \"${SCRIPT_OUTPUT_FILE_0}\"\n";
			showEnvVarsInLog = 0;
		};
/* End PBXShellScriptBuildPhase section */

/* Begin PBXSourcesBuildPhase section */
		879F67712369927C00CCDBD6 /* Sources */ = {
			isa = PBXSourcesBuildPhase;
			buildActionMask = 2147483647;
			files = (
				879F677B2369927C00CCDBD6 /* ViewController.swift in Sources */,
				879F6790236AF80300CCDBD6 /* LecturesViewCell.swift in Sources */,
				879F678E236AE5CE00CCDBD6 /* LecturesViewController.swift in Sources */,
				879F678B236AE36800CCDBD6 /* ViewModel.swift in Sources */,
				879F67792369927C00CCDBD6 /* AppDelegate.swift in Sources */,
			);
			runOnlyForDeploymentPostprocessing = 0;
		};
/* End PBXSourcesBuildPhase section */

/* Begin PBXVariantGroup section */
		879F677C2369927C00CCDBD6 /* Main.storyboard */ = {
			isa = PBXVariantGroup;
			children = (
				879F677D2369927C00CCDBD6 /* Base */,
			);
			name = Main.storyboard;
			sourceTree = "<group>";
		};
		879F67812369927F00CCDBD6 /* LaunchScreen.storyboard */ = {
			isa = PBXVariantGroup;
			children = (
				879F67822369927F00CCDBD6 /* Base */,
			);
			name = LaunchScreen.storyboard;
			sourceTree = "<group>";
		};
/* End PBXVariantGroup section */

/* Begin XCBuildConfiguration section */
		879F67852369927F00CCDBD6 /* Debug */ = {
			isa = XCBuildConfiguration;
			buildSettings = {
				ALWAYS_SEARCH_USER_PATHS = NO;
				CLANG_ANALYZER_NONNULL = YES;
				CLANG_ANALYZER_NUMBER_OBJECT_CONVERSION = YES_AGGRESSIVE;
				CLANG_CXX_LANGUAGE_STANDARD = "gnu++14";
				CLANG_CXX_LIBRARY = "libc++";
				CLANG_ENABLE_MODULES = YES;
				CLANG_ENABLE_OBJC_ARC = YES;
				CLANG_ENABLE_OBJC_WEAK = YES;
				CLANG_WARN_BLOCK_CAPTURE_AUTORELEASING = YES;
				CLANG_WARN_BOOL_CONVERSION = YES;
				CLANG_WARN_COMMA = YES;
				CLANG_WARN_CONSTANT_CONVERSION = YES;
				CLANG_WARN_DEPRECATED_OBJC_IMPLEMENTATIONS = YES;
				CLANG_WARN_DIRECT_OBJC_ISA_USAGE = YES_ERROR;
				CLANG_WARN_DOCUMENTATION_COMMENTS = YES;
				CLANG_WARN_EMPTY_BODY = YES;
				CLANG_WARN_ENUM_CONVERSION = YES;
				CLANG_WARN_INFINITE_RECURSION = YES;
				CLANG_WARN_INT_CONVERSION = YES;
				CLANG_WARN_NON_LITERAL_NULL_CONVERSION = YES;
				CLANG_WARN_OBJC_IMPLICIT_RETAIN_SELF = YES;
				CLANG_WARN_OBJC_LITERAL_CONVERSION = YES;
				CLANG_WARN_OBJC_ROOT_CLASS = YES_ERROR;
				CLANG_WARN_RANGE_LOOP_ANALYSIS = YES;
				CLANG_WARN_STRICT_PROTOTYPES = YES;
				CLANG_WARN_SUSPICIOUS_MOVE = YES;
				CLANG_WARN_UNGUARDED_AVAILABILITY = YES_AGGRESSIVE;
				CLANG_WARN_UNREACHABLE_CODE = YES;
				CLANG_WARN__DUPLICATE_METHOD_MATCH = YES;
				CODE_SIGN_IDENTITY = "iPhone Developer";
				COPY_PHASE_STRIP = NO;
				DEBUG_INFORMATION_FORMAT = dwarf;
				ENABLE_STRICT_OBJC_MSGSEND = YES;
				ENABLE_TESTABILITY = YES;
				GCC_C_LANGUAGE_STANDARD = gnu11;
				GCC_DYNAMIC_NO_PIC = NO;
				GCC_NO_COMMON_BLOCKS = YES;
				GCC_OPTIMIZATION_LEVEL = 0;
				GCC_PREPROCESSOR_DEFINITIONS = (
					"DEBUG=1",
					"$(inherited)",
				);
				GCC_WARN_64_TO_32_BIT_CONVERSION = YES;
				GCC_WARN_ABOUT_RETURN_TYPE = YES_ERROR;
				GCC_WARN_UNDECLARED_SELECTOR = YES;
				GCC_WARN_UNINITIALIZED_AUTOS = YES_AGGRESSIVE;
				GCC_WARN_UNUSED_FUNCTION = YES;
				GCC_WARN_UNUSED_VARIABLE = YES;
				IPHONEOS_DEPLOYMENT_TARGET = 12.4;
				MTL_ENABLE_DEBUG_INFO = INCLUDE_SOURCE;
				MTL_FAST_MATH = YES;
				ONLY_ACTIVE_ARCH = YES;
				SDKROOT = iphoneos;
				SWIFT_ACTIVE_COMPILATION_CONDITIONS = DEBUG;
				SWIFT_OPTIMIZATION_LEVEL = "-Onone";
			};
			name = Debug;
		};
		879F67862369927F00CCDBD6 /* Release */ = {
			isa = XCBuildConfiguration;
			buildSettings = {
				ALWAYS_SEARCH_USER_PATHS = NO;
				CLANG_ANALYZER_NONNULL = YES;
				CLANG_ANALYZER_NUMBER_OBJECT_CONVERSION = YES_AGGRESSIVE;
				CLANG_CXX_LANGUAGE_STANDARD = "gnu++14";
				CLANG_CXX_LIBRARY = "libc++";
				CLANG_ENABLE_MODULES = YES;
				CLANG_ENABLE_OBJC_ARC = YES;
				CLANG_ENABLE_OBJC_WEAK = YES;
				CLANG_WARN_BLOCK_CAPTURE_AUTORELEASING = YES;
				CLANG_WARN_BOOL_CONVERSION = YES;
				CLANG_WARN_COMMA = YES;
				CLANG_WARN_CONSTANT_CONVERSION = YES;
				CLANG_WARN_DEPRECATED_OBJC_IMPLEMENTATIONS = YES;
				CLANG_WARN_DIRECT_OBJC_ISA_USAGE = YES_ERROR;
				CLANG_WARN_DOCUMENTATION_COMMENTS = YES;
				CLANG_WARN_EMPTY_BODY = YES;
				CLANG_WARN_ENUM_CONVERSION = YES;
				CLANG_WARN_INFINITE_RECURSION = YES;
				CLANG_WARN_INT_CONVERSION = YES;
				CLANG_WARN_NON_LITERAL_NULL_CONVERSION = YES;
				CLANG_WARN_OBJC_IMPLICIT_RETAIN_SELF = YES;
				CLANG_WARN_OBJC_LITERAL_CONVERSION = YES;
				CLANG_WARN_OBJC_ROOT_CLASS = YES_ERROR;
				CLANG_WARN_RANGE_LOOP_ANALYSIS = YES;
				CLANG_WARN_STRICT_PROTOTYPES = YES;
				CLANG_WARN_SUSPICIOUS_MOVE = YES;
				CLANG_WARN_UNGUARDED_AVAILABILITY = YES_AGGRESSIVE;
				CLANG_WARN_UNREACHABLE_CODE = YES;
				CLANG_WARN__DUPLICATE_METHOD_MATCH = YES;
				CODE_SIGN_IDENTITY = "iPhone Developer";
				COPY_PHASE_STRIP = NO;
				DEBUG_INFORMATION_FORMAT = "dwarf-with-dsym";
				ENABLE_NS_ASSERTIONS = NO;
				ENABLE_STRICT_OBJC_MSGSEND = YES;
				GCC_C_LANGUAGE_STANDARD = gnu11;
				GCC_NO_COMMON_BLOCKS = YES;
				GCC_WARN_64_TO_32_BIT_CONVERSION = YES;
				GCC_WARN_ABOUT_RETURN_TYPE = YES_ERROR;
				GCC_WARN_UNDECLARED_SELECTOR = YES;
				GCC_WARN_UNINITIALIZED_AUTOS = YES_AGGRESSIVE;
				GCC_WARN_UNUSED_FUNCTION = YES;
				GCC_WARN_UNUSED_VARIABLE = YES;
				IPHONEOS_DEPLOYMENT_TARGET = 12.4;
				MTL_ENABLE_DEBUG_INFO = NO;
				MTL_FAST_MATH = YES;
				SDKROOT = iphoneos;
				SWIFT_COMPILATION_MODE = wholemodule;
				SWIFT_OPTIMIZATION_LEVEL = "-O";
				VALIDATE_PRODUCT = YES;
			};
			name = Release;
		};
		879F67882369927F00CCDBD6 /* Debug */ = {
			isa = XCBuildConfiguration;
			baseConfigurationReference = 18B42DD4F2C90DBF3A71CF89 /* Pods-minTimeTable.debug.xcconfig */;
			buildSettings = {
				ASSETCATALOG_COMPILER_APPICON_NAME = AppIcon;
				CODE_SIGN_STYLE = Automatic;
				INFOPLIST_FILE = minTimeTable/Info.plist;
				LD_RUNPATH_SEARCH_PATHS = (
					"$(inherited)",
					"@executable_path/Frameworks",
				);
				PRODUCT_BUNDLE_IDENTIFIER = com.induk.minTimeTable;
				PRODUCT_NAME = "$(TARGET_NAME)";
				SWIFT_VERSION = 5.0;
				TARGETED_DEVICE_FAMILY = "1,2";
			};
			name = Debug;
		};
		879F67892369927F00CCDBD6 /* Release */ = {
			isa = XCBuildConfiguration;
			baseConfigurationReference = 5C5B723EFB36027DBFDDD842 /* Pods-minTimeTable.release.xcconfig */;
			buildSettings = {
				ASSETCATALOG_COMPILER_APPICON_NAME = AppIcon;
				CODE_SIGN_STYLE = Automatic;
				INFOPLIST_FILE = minTimeTable/Info.plist;
				LD_RUNPATH_SEARCH_PATHS = (
					"$(inherited)",
					"@executable_path/Frameworks",
				);
				PRODUCT_BUNDLE_IDENTIFIER = com.induk.minTimeTable;
				PRODUCT_NAME = "$(TARGET_NAME)";
				SWIFT_VERSION = 5.0;
				TARGETED_DEVICE_FAMILY = "1,2";
			};
			name = Release;
		};
/* End XCBuildConfiguration section */

/* Begin XCConfigurationList section */
		879F67702369927C00CCDBD6 /* Build configuration list for PBXProject "minTimeTable" */ = {
			isa = XCConfigurationList;
			buildConfigurations = (
				879F67852369927F00CCDBD6 /* Debug */,
				879F67862369927F00CCDBD6 /* Release */,
			);
			defaultConfigurationIsVisible = 0;
			defaultConfigurationName = Release;
		};
		879F67872369927F00CCDBD6 /* Build configuration list for PBXNativeTarget "minTimeTable" */ = {
			isa = XCConfigurationList;
			buildConfigurations = (
				879F67882369927F00CCDBD6 /* Debug */,
				879F67892369927F00CCDBD6 /* Release */,
			);
			defaultConfigurationIsVisible = 0;
			defaultConfigurationName = Release;
		};
/* End XCConfigurationList section */
	};
	rootObject = 879F676D2369927C00CCDBD6 /* Project object */;
}
